
Microsoft Visual Studio Solution File, Format Version 12.00
# Visual Studio 15
VisualStudioVersion = 15.0.28307.1525
MinimumVisualStudioVersion = 10.0.40219.1
Project("{FAE04EC0-301F-11D3-BF4B-00C04F79EFBC}") = "EFCodeFirstWebApp", "EFCodeFirstWebApp\EFCodeFirstWebApp.csproj", "{038EA485-95FF-4E78-98FB-DE1AF25A5AC1}"
EndProject
Global
	GlobalSection(SolutionConfigurationPlatforms) = preSolution
		Debug|Any CPU = Debug|Any CPU
		Release|Any CPU = Release|Any CPU
	EndGlobalSection
	GlobalSection(ProjectConfigurationPlatforms) = postSolution
		{038EA485-95FF-4E78-98FB-DE1AF25A5AC1}.Debug|Any CPU.ActiveCfg = Debug|Any CPU
		{038EA485-95FF-4E78-98FB-DE1AF25A5AC1}.Debug|Any CPU.Build.0 = Debug|Any CPU
		{038EA485-95FF-4E78-98FB-DE1AF25A5AC1}.Release|Any CPU.ActiveCfg = Release|Any CPU
		{038EA485-95FF-4E78-98FB-DE1AF25A5AC1}.Release|Any CPU.Build.0 = Release|Any CPU
	EndGlobalSection
	GlobalSection(SolutionProperties) = preSolution
		HideSolutionNode = FALSE
	EndGlobalSection
	GlobalSection(ExtensibilityGlobals) = postSolution
		SolutionGuid = {5ED1B8E9-0A66-4A22-97AD-C7D8B5E403D6}
	EndGlobalSection
EndGlobal
